
Microsoft Visual Studio Solution File, Format Version 12.00
# Visual Studio 15
VisualStudioVersion = 15.0.28307.572
MinimumVisualStudioVersion = 10.0.40219.1
Project("{FAE04EC0-301F-11D3-BF4B-00C04F79EFBC}") = "ConsoleApp1", "ConsoleApp1\ConsoleApp1.csproj", "{C81603A8-98CE-4E8C-928A-53BFF4DFFAAB}"
EndProject
Global
	GlobalSection(SolutionConfigurationPlatforms) = preSolution
		Debug|Any CPU = Debug|Any CPU
		Release|Any CPU = Release|Any CPU
	EndGlobalSection
	GlobalSection(ProjectConfigurationPlatforms) = postSolution
		{C81603A8-98CE-4E8C-928A-53BFF4DFFAAB}.Debug|Any CPU.ActiveCfg = Debug|Any CPU
		{C81603A8-98CE-4E8C-928A-53BFF4DFFAAB}.Debug|Any CPU.Build.0 = Debug|Any CPU
		{C81603A8-98CE-4E8C-928A-53BFF4DFFAAB}.Release|Any CPU.ActiveCfg = Release|Any CPU
		{C81603A8-98CE-4E8C-928A-53BFF4DFFAAB}.Release|Any CPU.Build.0 = Release|Any CPU
	EndGlobalSection
	GlobalSection(SolutionProperties) = preSolution
		HideSolutionNode = FALSE
	EndGlobalSection
	GlobalSection(ExtensibilityGlobals) = postSolution
		SolutionGuid = {D350F5E9-F813-40DA-868A-A13F4A7EC6CF}
	EndGlobalSection
EndGlobal
